
Microsoft Visual Studio Solution File, Format Version 12.00
# Visual Studio Version 17
VisualStudioVersion = 17.0.31903.59
MinimumVisualStudioVersion = 10.0.40219.1
Project("{2150E333-8FDC-42A3-9474-1A3956D46DE8}") = "src", "src", "{827E0CD3-B72D-47B6-A68D-7590B98EB39B}"
EndProject
Project("{FAE04EC0-301F-11D3-BF4B-00C04F79EFBC}") = "Retaguarda.Web", "src\Retaguarda.Web\Retaguarda.Web.csproj", "{2DE7EECF-7D91-4A00-908C-506048D0CDFA}"
EndProject
Project("{FAE04EC0-301F-11D3-BF4B-00C04F79EFBC}") = "Retaguarda.Api", "src\Retaguarda.Api\Retaguarda.Api.csproj", "{0B858731-D347-4E69-A3FA-1EE4D354054E}"
EndProject
Project("{FAE04EC0-301F-11D3-BF4B-00C04F79EFBC}") = "Retaguarda.Business", "src\Retaguarda.Business\Retaguarda.Business.csproj", "{94D25E14-F1A6-4F81-83E8-7B43CC23ECB1}"
EndProject
Project("{FAE04EC0-301F-11D3-BF4B-00C04F79EFBC}") = "Retaguarda.Data", "src\Retaguarda.Data\Retaguarda.Data.csproj", "{2CAAD8A5-D7C3-4BA9-ABA9-E32266BC3015}"
EndProject
Project("{FAE04EC0-301F-11D3-BF4B-00C04F79EFBC}") = "Retaguarda.Printing", "src\Retaguarda.Printing\Retaguarda.Printing.csproj", "{EC09EC6E-C364-4EC9-BB8E-57A03DB789F9}"
EndProject
Project("{FAE04EC0-301F-11D3-BF4B-00C04F79EFBC}") = "Retaguarda.Reporting", "src\Retaguarda.Reporting\Retaguarda.Reporting.csproj", "{8B027636-41CB-4A73-860D-F9B0BE40ADA9}"
EndProject
Project("{FAE04EC0-301F-11D3-BF4B-00C04F79EFBC}") = "Retaguarda.Shared", "src\Retaguarda.Shared\Retaguarda.Shared.csproj", "{C165C555-A2AA-4E1A-90E5-2371EEDFB9D3}"
EndProject
Project("{2150E333-8FDC-42A3-9474-1A3956D46DE8}") = "tests", "tests", "{0AB3BF05-4346-4AA6-1389-037BE0695223}"
EndProject
Project("{FAE04EC0-301F-11D3-BF4B-00C04F79EFBC}") = "Retaguarda.UnitTests", "tests\Retaguarda.UnitTests\Retaguarda.UnitTests.csproj", "{8AF6B92C-F841-41B9-AC1A-28ACDF9DA735}"
EndProject
Project("{FAE04EC0-301F-11D3-BF4B-00C04F79EFBC}") = "Retaguarda.IntegrationTests", "tests\Retaguarda.IntegrationTests\Retaguarda.IntegrationTests.csproj", "{D6B5ECAC-62FB-49FB-A9F4-7BB16B242694}"
EndProject
Project("{FAE04EC0-301F-11D3-BF4B-00C04F79EFBC}") = "Retaguarda.AspNetCore", "src\Retaguarda.AspNetCore\Retaguarda.AspNetCore.csproj", "{DFF5E7D7-1222-4BCD-851F-B75469C7C57E}"
EndProject
Global
	GlobalSection(SolutionConfigurationPlatforms) = preSolution
		Debug|Any CPU = Debug|Any CPU
		Debug|x64 = Debug|x64
		Debug|x86 = Debug|x86
		Release|Any CPU = Release|Any CPU
		Release|x64 = Release|x64
		Release|x86 = Release|x86
	EndGlobalSection
	GlobalSection(ProjectConfigurationPlatforms) = postSolution
		{2DE7EECF-7D91-4A00-908C-506048D0CDFA}.Debug|Any CPU.ActiveCfg = Debug|Any CPU
		{2DE7EECF-7D91-4A00-908C-506048D0CDFA}.Debug|Any CPU.Build.0 = Debug|Any CPU
		{2DE7EECF-7D91-4A00-908C-506048D0CDFA}.Debug|x64.ActiveCfg = Debug|Any CPU
		{2DE7EECF-7D91-4A00-908C-506048D0CDFA}.Debug|x64.Build.0 = Debug|Any CPU
		{2DE7EECF-7D91-4A00-908C-506048D0CDFA}.Debug|x86.ActiveCfg = Debug|Any CPU
		{2DE7EECF-7D91-4A00-908C-506048D0CDFA}.Debug|x86.Build.0 = Debug|Any CPU
		{2DE7EECF-7D91-4A00-908C-506048D0CDFA}.Release|Any CPU.ActiveCfg = Release|Any CPU
		{2DE7EECF-7D91-4A00-908C-506048D0CDFA}.Release|Any CPU.Build.0 = Release|Any CPU
		{2DE7EECF-7D91-4A00-908C-506048D0CDFA}.Release|x64.ActiveCfg = Release|Any CPU
		{2DE7EECF-7D91-4A00-908C-506048D0CDFA}.Release|x64.Build.0 = Release|Any CPU
		{2DE7EECF-7D91-4A00-908C-506048D0CDFA}.Release|x86.ActiveCfg = Release|Any CPU
		{2DE7EECF-7D91-4A00-908C-506048D0CDFA}.Release|x86.Build.0 = Release|Any CPU
		{0B858731-D347-4E69-A3FA-1EE4D354054E}.Debug|Any CPU.ActiveCfg = Debug|Any CPU
		{0B858731-D347-4E69-A3FA-1EE4D354054E}.Debug|Any CPU.Build.0 = Debug|Any CPU
		{0B858731-D347-4E69-A3FA-1EE4D354054E}.Debug|x64.ActiveCfg = Debug|Any CPU
		{0B858731-D347-4E69-A3FA-1EE4D354054E}.Debug|x64.Build.0 = Debug|Any CPU
		{0B858731-D347-4E69-A3FA-1EE4D354054E}.Debug|x86.ActiveCfg = Debug|Any CPU
		{0B858731-D347-4E69-A3FA-1EE4D354054E}.Debug|x86.Build.0 = Debug|Any CPU
		{0B858731-D347-4E69-A3FA-1EE4D354054E}.Release|Any CPU.ActiveCfg = Release|Any CPU
		{0B858731-D347-4E69-A3FA-1EE4D354054E}.Release|Any CPU.Build.0 = Release|Any CPU
		{0B858731-D347-4E69-A3FA-1EE4D354054E}.Release|x64.ActiveCfg = Release|Any CPU
		{0B858731-D347-4E69-A3FA-1EE4D354054E}.Release|x64.Build.0 = Release|Any CPU
		{0B858731-D347-4E69-A3FA-1EE4D354054E}.Release|x86.ActiveCfg = Release|Any CPU
		{0B858731-D347-4E69-A3FA-1EE4D354054E}.Release|x86.Build.0 = Release|Any CPU
		{94D25E14-F1A6-4F81-83E8-7B43CC23ECB1}.Debug|Any CPU.ActiveCfg = Debug|Any CPU
		{94D25E14-F1A6-4F81-83E8-7B43CC23ECB1}.Debug|Any CPU.Build.0 = Debug|Any CPU
		{94D25E14-F1A6-4F81-83E8-7B43CC23ECB1}.Debug|x64.ActiveCfg = Debug|Any CPU
		{94D25E14-F1A6-4F81-83E8-7B43CC23ECB1}.Debug|x64.Build.0 = Debug|Any CPU
		{94D25E14-F1A6-4F81-83E8-7B43CC23ECB1}.Debug|x86.ActiveCfg = Debug|Any CPU
		{94D25E14-F1A6-4F81-83E8-7B43CC23ECB1}.Debug|x86.Build.0 = Debug|Any CPU
		{94D25E14-F1A6-4F81-83E8-7B43CC23ECB1}.Release|Any CPU.ActiveCfg = Release|Any CPU
		{94D25E14-F1A6-4F81-83E8-7B43CC23ECB1}.Release|Any CPU.Build.0 = Release|Any CPU
		{94D25E14-F1A6-4F81-83E8-7B43CC23ECB1}.Release|x64.ActiveCfg = Release|Any CPU
		{94D25E14-F1A6-4F81-83E8-7B43CC23ECB1}.Release|x64.Build.0 = Release|Any CPU
		{94D25E14-F1A6-4F81-83E8-7B43CC23ECB1}.Release|x86.ActiveCfg = Release|Any CPU
		{94D25E14-F1A6-4F81-83E8-7B43CC23ECB1}.Release|x86.Build.0 = Release|Any CPU
		{2CAAD8A5-D7C3-4BA9-ABA9-E32266BC3015}.Debug|Any CPU.ActiveCfg = Debug|Any CPU
		{2CAAD8A5-D7C3-4BA9-ABA9-E32266BC3015}.Debug|Any CPU.Build.0 = Debug|Any CPU
		{2CAAD8A5-D7C3-4BA9-ABA9-E32266BC3015}.Debug|x64.ActiveCfg = Debug|Any CPU
		{2CAAD8A5-D7C3-4BA9-ABA9-E32266BC3015}.Debug|x64.Build.0 = Debug|Any CPU
		{2CAAD8A5-D7C3-4BA9-ABA9-E32266BC3015}.Debug|x86.ActiveCfg = Debug|Any CPU
		{2CAAD8A5-D7C3-4BA9-ABA9-E32266BC3015}.Debug|x86.Build.0 = Debug|Any CPU
		{2CAAD8A5-D7C3-4BA9-ABA9-E32266BC3015}.Release|Any CPU.ActiveCfg = Release|Any CPU
		{2CAAD8A5-D7C3-4BA9-ABA9-E32266BC3015}.Release|Any CPU.Build.0 = Release|Any CPU
		{2CAAD8A5-D7C3-4BA9-ABA9-E32266BC3015}.Release|x64.ActiveCfg = Release|Any CPU
		{2CAAD8A5-D7C3-4BA9-ABA9-E32266BC3015}.Release|x64.Build.0 = Release|Any CPU
		{2CAAD8A5-D7C3-4BA9-ABA9-E32266BC3015}.Release|x86.ActiveCfg = Release|Any CPU
		{2CAAD8A5-D7C3-4BA9-ABA9-E32266BC3015}.Release|x86.Build.0 = Release|Any CPU
		{EC09EC6E-C364-4EC9-BB8E-57A03DB789F9}.Debug|Any CPU.ActiveCfg = Debug|Any CPU
		{EC09EC6E-C364-4EC9-BB8E-57A03DB789F9}.Debug|Any CPU.Build.0 = Debug|Any CPU
		{EC09EC6E-C364-4EC9-BB8E-57A03DB789F9}.Debug|x64.ActiveCfg = Debug|Any CPU
		{EC09EC6E-C364-4EC9-BB8E-57A03DB789F9}.Debug|x64.Build.0 = Debug|Any CPU
		{EC09EC6E-C364-4EC9-BB8E-57A03DB789F9}.Debug|x86.ActiveCfg = Debug|Any CPU
		{EC09EC6E-C364-4EC9-BB8E-57A03DB789F9}.Debug|x86.Build.0 = Debug|Any CPU
		{EC09EC6E-C364-4EC9-BB8E-57A03DB789F9}.Release|Any CPU.ActiveCfg = Release|Any CPU
		{EC09EC6E-C364-4EC9-BB8E-57A03DB789F9}.Release|Any CPU.Build.0 = Release|Any CPU
		{EC09EC6E-C364-4EC9-BB8E-57A03DB789F9}.Release|x64.ActiveCfg = Release|Any CPU
		{EC09EC6E-C364-4EC9-BB8E-57A03DB789F9}.Release|x64.Build.0 = Release|Any CPU
		{EC09EC6E-C364-4EC9-BB8E-57A03DB789F9}.Release|x86.ActiveCfg = Release|Any CPU
		{EC09EC6E-C364-4EC9-BB8E-57A03DB789F9}.Release|x86.Build.0 = Release|Any CPU
		{8B027636-41CB-4A73-860D-F9B0BE40ADA9}.Debug|Any CPU.ActiveCfg = Debug|Any CPU
		{8B027636-41CB-4A73-860D-F9B0BE40ADA9}.Debug|Any CPU.Build.0 = Debug|Any CPU
		{8B027636-41CB-4A73-860D-F9B0BE40ADA9}.Debug|x64.ActiveCfg = Debug|Any CPU
		{8B027636-41CB-4A73-860D-F9B0BE40ADA9}.Debug|x64.Build.0 = Debug|Any CPU
		{8B027636-41CB-4A73-860D-F9B0BE40ADA9}.Debug|x86.ActiveCfg = Debug|Any CPU
		{8B027636-41CB-4A73-860D-F9B0BE40ADA9}.Debug|x86.Build.0 = Debug|Any CPU
		{8B027636-41CB-4A73-860D-F9B0BE40ADA9}.Release|Any CPU.ActiveCfg = Release|Any CPU
		{8B027636-41CB-4A73-860D-F9B0BE40ADA9}.Release|Any CPU.Build.0 = Release|Any CPU
		{8B027636-41CB-4A73-860D-F9B0BE40ADA9}.Release|x64.ActiveCfg = Release|Any CPU
		{8B027636-41CB-4A73-860D-F9B0BE40ADA9}.Release|x64.Build.0 = Release|Any CPU
		{8B027636-41CB-4A73-860D-F9B0BE40ADA9}.Release|x86.ActiveCfg = Release|Any CPU
		{8B027636-41CB-4A73-860D-F9B0BE40ADA9}.Release|x86.Build.0 = Release|Any CPU
		{C165C555-A2AA-4E1A-90E5-2371EEDFB9D3}.Debug|Any CPU.ActiveCfg = Debug|Any CPU
		{C165C555-A2AA-4E1A-90E5-2371EEDFB9D3}.Debug|Any CPU.Build.0 = Debug|Any CPU
		{C165C555-A2AA-4E1A-90E5-2371EEDFB9D3}.Debug|x64.ActiveCfg = Debug|Any CPU
		{C165C555-A2AA-4E1A-90E5-2371EEDFB9D3}.Debug|x64.Build.0 = Debug|Any CPU
		{C165C555-A2AA-4E1A-90E5-2371EEDFB9D3}.Debug|x86.ActiveCfg = Debug|Any CPU
		{C165C555-A2AA-4E1A-90E5-2371EEDFB9D3}.Debug|x86.Build.0 = Debug|Any CPU
		{C165C555-A2AA-4E1A-90E5-2371EEDFB9D3}.Release|Any CPU.ActiveCfg = Release|Any CPU
		{C165C555-A2AA-4E1A-90E5-2371EEDFB9D3}.Release|Any CPU.Build.0 = Release|Any CPU
		{C165C555-A2AA-4E1A-90E5-2371EEDFB9D3}.Release|x64.ActiveCfg = Release|Any CPU
		{C165C555-A2AA-4E1A-90E5-2371EEDFB9D3}.Release|x64.Build.0 = Release|Any CPU
		{C165C555-A2AA-4E1A-90E5-2371EEDFB9D3}.Release|x86.ActiveCfg = Release|Any CPU
		{C165C555-A2AA-4E1A-90E5-2371EEDFB9D3}.Release|x86.Build.0 = Release|Any CPU
		{8AF6B92C-F841-41B9-AC1A-28ACDF9DA735}.Debug|Any CPU.ActiveCfg = Debug|Any CPU
		{8AF6B92C-F841-41B9-AC1A-28ACDF9DA735}.Debug|Any CPU.Build.0 = Debug|Any CPU
		{8AF6B92C-F841-41B9-AC1A-28ACDF9DA735}.Debug|x64.ActiveCfg = Debug|Any CPU
		{8AF6B92C-F841-41B9-AC1A-28ACDF9DA735}.Debug|x64.Build.0 = Debug|Any CPU
		{8AF6B92C-F841-41B9-AC1A-28ACDF9DA735}.Debug|x86.ActiveCfg = Debug|Any CPU
		{8AF6B92C-F841-41B9-AC1A-28ACDF9DA735}.Debug|x86.Build.0 = Debug|Any CPU
		{8AF6B92C-F841-41B9-AC1A-28ACDF9DA735}.Release|Any CPU.ActiveCfg = Release|Any CPU
		{8AF6B92C-F841-41B9-AC1A-28ACDF9DA735}.Release|Any CPU.Build.0 = Release|Any CPU
		{8AF6B92C-F841-41B9-AC1A-28ACDF9DA735}.Release|x64.ActiveCfg = Release|Any CPU
		{8AF6B92C-F841-41B9-AC1A-28ACDF9DA735}.Release|x64.Build.0 = Release|Any CPU
		{8AF6B92C-F841-41B9-AC1A-28ACDF9DA735}.Release|x86.ActiveCfg = Release|Any CPU
		{8AF6B92C-F841-41B9-AC1A-28ACDF9DA735}.Release|x86.Build.0 = Release|Any CPU
		{D6B5ECAC-62FB-49FB-A9F4-7BB16B242694}.Debug|Any CPU.ActiveCfg = Debug|Any CPU
		{D6B5ECAC-62FB-49FB-A9F4-7BB16B242694}.Debug|Any CPU.Build.0 = Debug|Any CPU
		{D6B5ECAC-62FB-49FB-A9F4-7BB16B242694}.Debug|x64.ActiveCfg = Debug|Any CPU
		{D6B5ECAC-62FB-49FB-A9F4-7BB16B242694}.Debug|x64.Build.0 = Debug|Any CPU
		{D6B5ECAC-62FB-49FB-A9F4-7BB16B242694}.Debug|x86.ActiveCfg = Debug|Any CPU
		{D6B5ECAC-62FB-49FB-A9F4-7BB16B242694}.Debug|x86.Build.0 = Debug|Any CPU
		{D6B5ECAC-62FB-49FB-A9F4-7BB16B242694}.Release|Any CPU.ActiveCfg = Release|Any CPU
		{D6B5ECAC-62FB-49FB-A9F4-7BB16B242694}.Release|Any CPU.Build.0 = Release|Any CPU
		{D6B5ECAC-62FB-49FB-A9F4-7BB16B242694}.Release|x64.ActiveCfg = Release|Any CPU
		{D6B5ECAC-62FB-49FB-A9F4-7BB16B242694}.Release|x64.Build.0 = Release|Any CPU
		{D6B5ECAC-62FB-49FB-A9F4-7BB16B242694}.Release|x86.ActiveCfg = Release|Any CPU
		{D6B5ECAC-62FB-49FB-A9F4-7BB16B242694}.Release|x86.Build.0 = Release|Any CPU
		{DFF5E7D7-1222-4BCD-851F-B75469C7C57E}.Debug|Any CPU.ActiveCfg = Debug|Any CPU
		{DFF5E7D7-1222-4BCD-851F-B75469C7C57E}.Debug|Any CPU.Build.0 = Debug|Any CPU
		{DFF5E7D7-1222-4BCD-851F-B75469C7C57E}.Debug|x64.ActiveCfg = Debug|Any CPU
		{DFF5E7D7-1222-4BCD-851F-B75469C7C57E}.Debug|x64.Build.0 = Debug|Any CPU
		{DFF5E7D7-1222-4BCD-851F-B75469C7C57E}.Debug|x86.ActiveCfg = Debug|Any CPU
		{DFF5E7D7-1222-4BCD-851F-B75469C7C57E}.Debug|x86.Build.0 = Debug|Any CPU
		{DFF5E7D7-1222-4BCD-851F-B75469C7C57E}.Release|Any CPU.ActiveCfg = Release|Any CPU
		{DFF5E7D7-1222-4BCD-851F-B75469C7C57E}.Release|Any CPU.Build.0 = Release|Any CPU
		{DFF5E7D7-1222-4BCD-851F-B75469C7C57E}.Release|x64.ActiveCfg = Release|Any CPU
		{DFF5E7D7-1222-4BCD-851F-B75469C7C57E}.Release|x64.Build.0 = Release|Any CPU
		{DFF5E7D7-1222-4BCD-851F-B75469C7C57E}.Release|x86.ActiveCfg = Release|Any CPU
		{DFF5E7D7-1222-4BCD-851F-B75469C7C57E}.Release|x86.Build.0 = Release|Any CPU
	EndGlobalSection
	GlobalSection(SolutionProperties) = preSolution
		HideSolutionNode = FALSE
	EndGlobalSection
	GlobalSection(NestedProjects) = preSolution
		{2DE7EECF-7D91-4A00-908C-506048D0CDFA} = {827E0CD3-B72D-47B6-A68D-7590B98EB39B}
		{0B858731-D347-4E69-A3FA-1EE4D354054E} = {827E0CD3-B72D-47B6-A68D-7590B98EB39B}
		{94D25E14-F1A6-4F81-83E8-7B43CC23ECB1} = {827E0CD3-B72D-47B6-A68D-7590B98EB39B}
		{2CAAD8A5-D7C3-4BA9-ABA9-E32266BC3015} = {827E0CD3-B72D-47B6-A68D-7590B98EB39B}
		{EC09EC6E-C364-4EC9-BB8E-57A03DB789F9} = {827E0CD3-B72D-47B6-A68D-7590B98EB39B}
		{8B027636-41CB-4A73-860D-F9B0BE40ADA9} = {827E0CD3-B72D-47B6-A68D-7590B98EB39B}
		{C165C555-A2AA-4E1A-90E5-2371EEDFB9D3} = {827E0CD3-B72D-47B6-A68D-7590B98EB39B}
		{8AF6B92C-F841-41B9-AC1A-28ACDF9DA735} = {0AB3BF05-4346-4AA6-1389-037BE0695223}
		{D6B5ECAC-62FB-49FB-A9F4-7BB16B242694} = {0AB3BF05-4346-4AA6-1389-037BE0695223}
		{DFF5E7D7-1222-4BCD-851F-B75469C7C57E} = {827E0CD3-B72D-47B6-A68D-7590B98EB39B}
	EndGlobalSection
EndGlobal
